
Microsoft Visual Studio Solution File, Format Version 12.00
# Visual Studio Version 17
VisualStudioVersion = 17.10.34928.147
MinimumVisualStudioVersion = 10.0.40219.1
Project("{C9674DCB-5085-4A16-B785-4C70DD1589BD}") = "ETL", "ETL\ETL.dtproj", "{88925819-549C-44D4-A3B4-AD4A64579F86}"
EndProject
Global
	GlobalSection(SolutionConfigurationPlatforms) = preSolution
		Development|Default = Development|Default
	EndGlobalSection
	GlobalSection(ProjectConfigurationPlatforms) = postSolution
		{88925819-549C-44D4-A3B4-AD4A64579F86}.Development|Default.ActiveCfg = Development
		{88925819-549C-44D4-A3B4-AD4A64579F86}.Development|Default.Build.0 = Development
	EndGlobalSection
	GlobalSection(SolutionProperties) = preSolution
		HideSolutionNode = FALSE
	EndGlobalSection
	GlobalSection(ExtensibilityGlobals) = postSolution
		SolutionGuid = {AA681165-C9A1-4196-8F4E-2A75B0418522}
	EndGlobalSection
EndGlobal
